{
  "name": "lets-encrypt-acme-client",
  "version": "24.0.2",
  "lockfileVersion": 3,
  "requires": true,
  "packages": {
    "": {
      "name": "lets-encrypt-acme-client",
      "version": "24.0.2",
      "license": "Apache-2.0",
      "dependencies": {
        "base-acme-client": "^23.0.1",
        "simple-asn1": "^4.0.1",
        "simple-open-ssl": "^1.0.6"
      }
    },
    "node_modules/base-acme-client": {
      "version": "23.0.1",
      "license": "Apache-2.0",
      "dependencies": {
        "simple-csr-generator": "^4.0.1"
      }
    },
    "node_modules/simple-asn1": {
      "version": "4.0.1",
      "license": "Apache-2.0"
    },
    "node_modules/simple-csr-generator": {
      "version": "4.0.1",
      "license": "Apache-2.0",
      "dependencies": {
        "simple-asn1": "^4.0.1"
      }
    },
    "node_modules/simple-open-ssl": {
      "version": "1.0.6",
      "resolved": "https://registry.npmjs.org/simple-open-ssl/-/simple-open-ssl-1.0.6.tgz",
      "integrity": "sha512-uzJ+L6apVGKFZmNydBmh8h+eOHjyg5TxHZqrkmA22jDmlt9s0nY7GVmk2zsIC2WDNCLwbivDTBwiW8U0kM+PBw==",
      "license": "Apache-2.0"
    }
  }
}
