{
  "name": "lets-encrypt-acme-client",
  "version": "24.0.1",
  "lockfileVersion": 3,
  "requires": true,
  "packages": {
    "": {
      "name": "lets-encrypt-acme-client",
      "version": "24.0.1",
      "license": "Apache-2.0",
      "dependencies": {
        "base-acme-client": "^23.0.1",
        "simple-asn1": "^4.0.1",
        "simple-open-ssl": "^1.0.2"
      }
    },
    "node_modules/base-acme-client": {
      "version": "23.0.1",
      "license": "Apache-2.0",
      "dependencies": {
        "simple-csr-generator": "^4.0.1"
      }
    },
    "node_modules/simple-asn1": {
      "version": "4.0.1",
      "license": "Apache-2.0"
    },
    "node_modules/simple-csr-generator": {
      "version": "4.0.1",
      "license": "Apache-2.0",
      "dependencies": {
        "simple-asn1": "^4.0.1"
      }
    },
    "node_modules/simple-open-ssl": {
      "version": "1.0.2",
      "resolved": "https://registry.npmjs.org/simple-open-ssl/-/simple-open-ssl-1.0.2.tgz",
      "integrity": "sha512-lIB+cM708nvgUTOeSbEy7uosujF0+mh9Wo4y+GHMDGVxVEKJW1T18XwZCdnnf5gkc1aziRVWPCt5UYpzll7+Xw==",
      "license": "Apache-2.0"
    }
  }
}
